
Microsoft Visual Studio Solution File, Format Version 12.00
# Visual Studio Version 16
VisualStudioVersion = 16.0.30413.136
MinimumVisualStudioVersion = 10.0.40219.1
Project("{9A19103F-16F7-4668-BE54-9A1E7A4F7556}") = "OrderManager", "OrderManager\OrderManager.csproj", "{B00E817B-BE05-4DB5-B005-7025E7A14EA3}"
EndProject
Project("{FAE04EC0-301F-11D3-BF4B-00C04F79EFBC}") = "OrderManager.Tests", "OrderManager.Tests\OrderManager.Tests.csproj", "{80AE0983-1E66-4C46-A240-27C8B6125758}"
EndProject
Global
	GlobalSection(SolutionConfigurationPlatforms) = preSolution
		Debug|Any CPU = Debug|Any CPU
		Release|Any CPU = Release|Any CPU
	EndGlobalSection
	GlobalSection(ProjectConfigurationPlatforms) = postSolution
		{B00E817B-BE05-4DB5-B005-7025E7A14EA3}.Debug|Any CPU.ActiveCfg = Debug|Any CPU
		{B00E817B-BE05-4DB5-B005-7025E7A14EA3}.Debug|Any CPU.Build.0 = Debug|Any CPU
		{B00E817B-BE05-4DB5-B005-7025E7A14EA3}.Release|Any CPU.ActiveCfg = Release|Any CPU
		{B00E817B-BE05-4DB5-B005-7025E7A14EA3}.Release|Any CPU.Build.0 = Release|Any CPU
		{80AE0983-1E66-4C46-A240-27C8B6125758}.Debug|Any CPU.ActiveCfg = Debug|Any CPU
		{80AE0983-1E66-4C46-A240-27C8B6125758}.Debug|Any CPU.Build.0 = Debug|Any CPU
		{80AE0983-1E66-4C46-A240-27C8B6125758}.Release|Any CPU.ActiveCfg = Release|Any CPU
		{80AE0983-1E66-4C46-A240-27C8B6125758}.Release|Any CPU.Build.0 = Release|Any CPU
	EndGlobalSection
	GlobalSection(SolutionProperties) = preSolution
		HideSolutionNode = FALSE
	EndGlobalSection
	GlobalSection(ExtensibilityGlobals) = postSolution
		SolutionGuid = {7ACCDF1F-23FA-42BB-AF61-09464AB24EDA}
	EndGlobalSection
EndGlobal
